
Microsoft Visual Studio Solution File, Format Version 12.00
# Visual Studio Version 16
VisualStudioVersion = 16.0.31129.286
MinimumVisualStudioVersion = 10.0.40219.1
Project("{FAE04EC0-301F-11D3-BF4B-00C04F79EFBC}") = "WindowsFormsApp3", "WindowsFormsApp3\WindowsFormsApp3.csproj", "{715FEECD-3CA2-4766-8609-527D5E1FF1DB}"
EndProject
Global
	GlobalSection(SolutionConfigurationPlatforms) = preSolution
		Debug|Any CPU = Debug|Any CPU
		Release|Any CPU = Release|Any CPU
	EndGlobalSection
	GlobalSection(ProjectConfigurationPlatforms) = postSolution
		{715FEECD-3CA2-4766-8609-527D5E1FF1DB}.Debug|Any CPU.ActiveCfg = Debug|Any CPU
		{715FEECD-3CA2-4766-8609-527D5E1FF1DB}.Debug|Any CPU.Build.0 = Debug|Any CPU
		{715FEECD-3CA2-4766-8609-527D5E1FF1DB}.Release|Any CPU.ActiveCfg = Release|Any CPU
		{715FEECD-3CA2-4766-8609-527D5E1FF1DB}.Release|Any CPU.Build.0 = Release|Any CPU
	EndGlobalSection
	GlobalSection(SolutionProperties) = preSolution
		HideSolutionNode = FALSE
	EndGlobalSection
	GlobalSection(ExtensibilityGlobals) = postSolution
		SolutionGuid = {D478DA1D-A5D9-4D60-955A-6E8F65624BE1}
	EndGlobalSection
EndGlobal
